dependencies:
- name: nginx-gateway-fabric
  repository: oci://ghcr.io/nginx/charts
  version: 2.5.1
- name: nvidia-device-plugin
  repository: https://nvidia.github.io/k8s-device-plugin
  version: 0.18.2
digest: sha256:75a05b986c8da106498a7774c638a870f37d3fb39c40e560e77ff1f254eab324
generated: "2026-04-08T16:48:16.282974266Z"
